
Microsoft Visual Studio Solution File, Format Version 12.00
# Visual Studio Version 17
VisualStudioVersion = 17.14.36915.13 d17.14
MinimumVisualStudioVersion = 10.0.40219.1
Project("{FAE04EC0-301F-11D3-BF4B-00C04F79EFBC}") = "DynamicDashboard", "DynamicDashboard\DynamicDashboard.csproj", "{48EC6D0D-C747-4E80-B797-39ACE6851649}"
EndProject
Global
	GlobalSection(SolutionConfigurationPlatforms) = preSolution
		Debug|Any CPU = Debug|Any CPU
		Release|Any CPU = Release|Any CPU
	EndGlobalSection
	GlobalSection(ProjectConfigurationPlatforms) = postSolution
		{48EC6D0D-C747-4E80-B797-39ACE6851649}.Debug|Any CPU.ActiveCfg = Debug|Any CPU
		{48EC6D0D-C747-4E80-B797-39ACE6851649}.Debug|Any CPU.Build.0 = Debug|Any CPU
		{48EC6D0D-C747-4E80-B797-39ACE6851649}.Release|Any CPU.ActiveCfg = Release|Any CPU
		{48EC6D0D-C747-4E80-B797-39ACE6851649}.Release|Any CPU.Build.0 = Release|Any CPU
	EndGlobalSection
	GlobalSection(SolutionProperties) = preSolution
		HideSolutionNode = FALSE
	EndGlobalSection
	GlobalSection(ExtensibilityGlobals) = postSolution
		SolutionGuid = {E67B9B36-2144-446D-8118-A4915AFB1500}
	EndGlobalSection
EndGlobal
